
Microsoft Visual Studio Solution File, Format Version 12.00
# Visual Studio Version 16
VisualStudioVersion = 16.0.30717.126
MinimumVisualStudioVersion = 10.0.40219.1
Project("{9A19103F-16F7-4668-BE54-9A1E7A4F7556}") = "WebApiGismeteo", "WebApiGismeteo\WebApiGismeteo.csproj", "{314EC1AC-BD67-4BA5-A064-4A2E9857524B}"
EndProject
Project("{FAE04EC0-301F-11D3-BF4B-00C04F79EFBC}") = "WinFormsClient", "WinFormsClient\WinFormsClient.csproj", "{1350E689-219C-4CE8-B555-B90191919550}"
EndProject
Project("{9A19103F-16F7-4668-BE54-9A1E7A4F7556}") = "Parser", "Parser\Parser.csproj", "{E5577993-82BC-4593-8279-DBB50481ACAD}"
EndProject
Global
	GlobalSection(SolutionConfigurationPlatforms) = preSolution
		Debug|Any CPU = Debug|Any CPU
		Release|Any CPU = Release|Any CPU
	EndGlobalSection
	GlobalSection(ProjectConfigurationPlatforms) = postSolution
		{314EC1AC-BD67-4BA5-A064-4A2E9857524B}.Debug|Any CPU.ActiveCfg = Debug|Any CPU
		{314EC1AC-BD67-4BA5-A064-4A2E9857524B}.Debug|Any CPU.Build.0 = Debug|Any CPU
		{314EC1AC-BD67-4BA5-A064-4A2E9857524B}.Release|Any CPU.ActiveCfg = Release|Any CPU
		{314EC1AC-BD67-4BA5-A064-4A2E9857524B}.Release|Any CPU.Build.0 = Release|Any CPU
		{1350E689-219C-4CE8-B555-B90191919550}.Debug|Any CPU.ActiveCfg = Debug|Any CPU
		{1350E689-219C-4CE8-B555-B90191919550}.Debug|Any CPU.Build.0 = Debug|Any CPU
		{1350E689-219C-4CE8-B555-B90191919550}.Release|Any CPU.ActiveCfg = Release|Any CPU
		{1350E689-219C-4CE8-B555-B90191919550}.Release|Any CPU.Build.0 = Release|Any CPU
		{E5577993-82BC-4593-8279-DBB50481ACAD}.Debug|Any CPU.ActiveCfg = Debug|Any CPU
		{E5577993-82BC-4593-8279-DBB50481ACAD}.Debug|Any CPU.Build.0 = Debug|Any CPU
		{E5577993-82BC-4593-8279-DBB50481ACAD}.Release|Any CPU.ActiveCfg = Release|Any CPU
		{E5577993-82BC-4593-8279-DBB50481ACAD}.Release|Any CPU.Build.0 = Release|Any CPU
	EndGlobalSection
	GlobalSection(SolutionProperties) = preSolution
		HideSolutionNode = FALSE
	EndGlobalSection
	GlobalSection(ExtensibilityGlobals) = postSolution
		SolutionGuid = {8F0989E2-C1A2-4F7C-948C-077BECDF3C06}
	EndGlobalSection
EndGlobal
