
Microsoft Visual Studio Solution File, Format Version 12.00
# Visual Studio Version 16
VisualStudioVersion = 16.0.30717.126
MinimumVisualStudioVersion = 10.0.40219.1
Project("{FAE04EC0-301F-11D3-BF4B-00C04F79EFBC}") = "WinFormsClient", "WinFormsClient\WinFormsClient.csproj", "{1350E689-219C-4CE8-B555-B90191919550}"
EndProject
Project("{9A19103F-16F7-4668-BE54-9A1E7A4F7556}") = "Parser", "Parser\Parser.csproj", "{E5577993-82BC-4593-8279-DBB50481ACAD}"
EndProject
Project("{9A19103F-16F7-4668-BE54-9A1E7A4F7556}") = "GismeteoClassLibrary", "GismeteoClassLibrary\GismeteoClassLibrary.csproj", "{20C9D4F5-14C5-435C-80B5-6DB2D1290D2B}"
EndProject
Project("{9A19103F-16F7-4668-BE54-9A1E7A4F7556}") = "WebApiMvc", "WebApiMvc\WebApiMvc.csproj", "{E5B6A1B1-E189-4EF0-9954-E16DDA8AB874}"
EndProject
Project("{FAE04EC0-301F-11D3-BF4B-00C04F79EFBC}") = "GismeteoWindowsService", "GismeteoWindowsService\GismeteoWindowsService.csproj", "{DE4D7AD5-14E8-4AD5-94FE-995E40C3D74B}"
EndProject
Global
	GlobalSection(SolutionConfigurationPlatforms) = preSolution
		Debug|Any CPU = Debug|Any CPU
		Release|Any CPU = Release|Any CPU
	EndGlobalSection
	GlobalSection(ProjectConfigurationPlatforms) = postSolution
		{1350E689-219C-4CE8-B555-B90191919550}.Debug|Any CPU.ActiveCfg = Debug|Any CPU
		{1350E689-219C-4CE8-B555-B90191919550}.Debug|Any CPU.Build.0 = Debug|Any CPU
		{1350E689-219C-4CE8-B555-B90191919550}.Release|Any CPU.ActiveCfg = Release|Any CPU
		{1350E689-219C-4CE8-B555-B90191919550}.Release|Any CPU.Build.0 = Release|Any CPU
		{E5577993-82BC-4593-8279-DBB50481ACAD}.Debug|Any CPU.ActiveCfg = Debug|Any CPU
		{E5577993-82BC-4593-8279-DBB50481ACAD}.Debug|Any CPU.Build.0 = Debug|Any CPU
		{E5577993-82BC-4593-8279-DBB50481ACAD}.Release|Any CPU.ActiveCfg = Release|Any CPU
		{E5577993-82BC-4593-8279-DBB50481ACAD}.Release|Any CPU.Build.0 = Release|Any CPU
		{20C9D4F5-14C5-435C-80B5-6DB2D1290D2B}.Debug|Any CPU.ActiveCfg = Debug|Any CPU
		{20C9D4F5-14C5-435C-80B5-6DB2D1290D2B}.Debug|Any CPU.Build.0 = Debug|Any CPU
		{20C9D4F5-14C5-435C-80B5-6DB2D1290D2B}.Release|Any CPU.ActiveCfg = Release|Any CPU
		{20C9D4F5-14C5-435C-80B5-6DB2D1290D2B}.Release|Any CPU.Build.0 = Release|Any CPU
		{E5B6A1B1-E189-4EF0-9954-E16DDA8AB874}.Debug|Any CPU.ActiveCfg = Debug|Any CPU
		{E5B6A1B1-E189-4EF0-9954-E16DDA8AB874}.Debug|Any CPU.Build.0 = Debug|Any CPU
		{E5B6A1B1-E189-4EF0-9954-E16DDA8AB874}.Release|Any CPU.ActiveCfg = Release|Any CPU
		{E5B6A1B1-E189-4EF0-9954-E16DDA8AB874}.Release|Any CPU.Build.0 = Release|Any CPU
		{DE4D7AD5-14E8-4AD5-94FE-995E40C3D74B}.Debug|Any CPU.ActiveCfg = Debug|Any CPU
		{DE4D7AD5-14E8-4AD5-94FE-995E40C3D74B}.Debug|Any CPU.Build.0 = Debug|Any CPU
		{DE4D7AD5-14E8-4AD5-94FE-995E40C3D74B}.Release|Any CPU.ActiveCfg = Release|Any CPU
		{DE4D7AD5-14E8-4AD5-94FE-995E40C3D74B}.Release|Any CPU.Build.0 = Release|Any CPU
	EndGlobalSection
	GlobalSection(SolutionProperties) = preSolution
		HideSolutionNode = FALSE
	EndGlobalSection
	GlobalSection(ExtensibilityGlobals) = postSolution
		SolutionGuid = {8F0989E2-C1A2-4F7C-948C-077BECDF3C06}
	EndGlobalSection
EndGlobal
